
Microsoft Visual Studio Solution File, Format Version 12.00
# Visual Studio Version 16
VisualStudioVersion = 16.0.29411.108
MinimumVisualStudioVersion = 10.0.40219.1
Project("{FAE04EC0-301F-11D3-BF4B-00C04F79EFBC}") = "Control4.Jailbreak", "Control4.Jailbreak.csproj", "{ABA795E1-3A9C-4EF2-BDF5-C4ACAE48670F}"
EndProject
Global
	GlobalSection(SolutionConfigurationPlatforms) = preSolution
		Debug|Any CPU = Debug|Any CPU
		Release|Any CPU = Release|Any CPU
	EndGlobalSection
	GlobalSection(ProjectConfigurationPlatforms) = postSolution
		{ABA795E1-3A9C-4EF2-BDF5-C4ACAE48670F}.Debug|Any CPU.ActiveCfg = Debug|Any CPU
		{ABA795E1-3A9C-4EF2-BDF5-C4ACAE48670F}.Debug|Any CPU.Build.0 = Debug|Any CPU
		{ABA795E1-3A9C-4EF2-BDF5-C4ACAE48670F}.Release|Any CPU.ActiveCfg = Release|Any CPU
		{ABA795E1-3A9C-4EF2-BDF5-C4ACAE48670F}.Release|Any CPU.Build.0 = Release|Any CPU
	EndGlobalSection
	GlobalSection(SolutionProperties) = preSolution
		HideSolutionNode = FALSE
	EndGlobalSection
	GlobalSection(ExtensibilityGlobals) = postSolution
		SolutionGuid = {DF3DE388-B315-4AB1-8043-C4EB6ED31E0C}
	EndGlobalSection
EndGlobal
